// !$*UTF8*$!
{
	archiveVersion = 1;
	classes = {
	};
	objectVersion = 46;
	objects = {

/* Begin PBXFileReference section */
		93FCDA7E1EC2B64E00272E7A /* GSMarkupParser.h */ = {isa = PBXFileReference; lastKnownFileType = sourcecode.c.h; name = GSMarkupParser.h; path = GSMarkupParser/GSMarkupParser.h; sourceTree = "<group>"; };
		93FCDA7F1EC2B64E00272E7A /* GSMarkupParser.m */ = {isa = PBXFileReference; lastKnownFileType = sourcecode.c.objc; name = GSMarkupParser.m; path = GSMarkupParser/GSMarkupParser.m; sourceTree = "<group>"; };
/* End PBXFileReference section */

/* Begin PBXGroup section */
		93FCDA761EC2B4B800272E7A = {
			isa = PBXGroup;
			children = (
				93FCDA7D1EC2B61B00272E7A /* GSMarkupParser */,
			);
			sourceTree = "<group>";
		};
		93FCDA7D1EC2B61B00272E7A /* GSMarkupParser */ = {
			isa = PBXGroup;
			children = (
				93FCDA7E1EC2B64E00272E7A /* GSMarkupParser.h */,
				93FCDA7F1EC2B64E00272E7A /* GSMarkupParser.m */,
			);
			name = GSMarkupParser;
			sourceTree = "<group>";
		};
/* End PBXGroup section */

/* Begin PBXProject section */
		93FCDA771EC2B4B800272E7A /* Project object */ = {
			isa = PBXProject;
			attributes = {
				LastUpgradeCheck = 0830;
			};
			buildConfigurationList = 93FCDA7A1EC2B4B800272E7A /* Build configuration list for PBXProject "GSMarkupParser" */;
			compatibilityVersion = "Xcode 3.2";
			developmentRegion = English;
			hasScannedForEncodings = 0;
			knownRegions = (
				en,
			);
			mainGroup = 93FCDA761EC2B4B800272E7A;
			projectDirPath = "";
			projectRoot = "";
			targets = (
			);
		};
/* End PBXProject section */

/* Begin XCBuildConfiguration section */
		93FCDA7B1EC2B4B800272E7A /* Debug */ = {
			isa = XCBuildConfiguration;
			buildSettings = {
			};
			name = Debug;
		};
		93FCDA7C1EC2B4B800272E7A /* Release */ = {
			isa = XCBuildConfiguration;
			buildSettings = {
			};
			name = Release;
		};
/* End XCBuildConfiguration section */

/* Begin XCConfigurationList section */
		93FCDA7A1EC2B4B800272E7A /* Build configuration list for PBXProject "GSMarkupParser" */ = {
			isa = XCConfigurationList;
			buildConfigurations = (
				93FCDA7B1EC2B4B800272E7A /* Debug */,
				93FCDA7C1EC2B4B800272E7A /* Release */,
			);
			defaultConfigurationIsVisible = 0;
			defaultConfigurationName = Release;
		};
/* End XCConfigurationList section */
	};
	rootObject = 93FCDA771EC2B4B800272E7A /* Project object */;
}
